{
  "requires": true,
  "lockfileVersion": 1,
  "dependencies": {
    "phoenix_live_view": {
      "version": "0.1.1",
      "resolved": "https://registry.npmjs.org/phoenix_live_view/-/phoenix_live_view-0.1.1.tgz",
      "integrity": "sha512-ol7oBq/kx+443SYEdUN1vzUZOtqTFIvZZunbo1yhEhoGLzL7osep+BQQOX/8dzsMxaJ49ZZiAVLRKbSF3atnZw=="
    }
  }
}
